{
  "name": "javascript-dom-eval",
  "version": "1.0.0",
  "lockfileVersion": 1,
  "requires": true,
  "dependencies": {
    "@isabellymonteiro/rgb-hex": {
      "version": "1.0.2",
      "resolved": "https://registry.npmjs.org/@isabellymonteiro/rgb-hex/-/rgb-hex-1.0.2.tgz",
      "integrity": "sha512-xdMjYrneqJP9rJEO50yMYnoyYoT6iIR5n4aZDzD9mRdrMy0aSbuQrKagJWQ0/lRgIOFbSRDLljVLlb+76uUkGg=="
    }
  }
}
